
Microsoft Visual Studio Solution File, Format Version 12.00
# Visual Studio Version 17
VisualStudioVersion = 17.4.33110.190
MinimumVisualStudioVersion = 10.0.40219.1
Project("{FAE04EC0-301F-11D3-BF4B-00C04F79EFBC}") = "WorkIntroduction_to_WPF_Exercise_1", "Wpf_Hom_Work\WorkIntroduction_to_WPF_Exercise_1.csproj", "{44A904B2-E694-4F60-8A86-D12089E1F5C0}"
EndProject
Project("{FAE04EC0-301F-11D3-BF4B-00C04F79EFBC}") = "WorkIntroduction_to_WPF_Exercise_2", "WorkIntroduction_to_WPF_Exercise_2\WorkIntroduction_to_WPF_Exercise_2.csproj", "{EE21A234-0572-44C9-9DEC-09675724B02B}"
EndProject
Global
	GlobalSection(SolutionConfigurationPlatforms) = preSolution
		Debug|Any CPU = Debug|Any CPU
		Release|Any CPU = Release|Any CPU
	EndGlobalSection
	GlobalSection(ProjectConfigurationPlatforms) = postSolution
		{44A904B2-E694-4F60-8A86-D12089E1F5C0}.Debug|Any CPU.ActiveCfg = Debug|Any CPU
		{44A904B2-E694-4F60-8A86-D12089E1F5C0}.Debug|Any CPU.Build.0 = Debug|Any CPU
		{44A904B2-E694-4F60-8A86-D12089E1F5C0}.Release|Any CPU.ActiveCfg = Release|Any CPU
		{44A904B2-E694-4F60-8A86-D12089E1F5C0}.Release|Any CPU.Build.0 = Release|Any CPU
		{EE21A234-0572-44C9-9DEC-09675724B02B}.Debug|Any CPU.ActiveCfg = Debug|Any CPU
		{EE21A234-0572-44C9-9DEC-09675724B02B}.Debug|Any CPU.Build.0 = Debug|Any CPU
		{EE21A234-0572-44C9-9DEC-09675724B02B}.Release|Any CPU.ActiveCfg = Release|Any CPU
		{EE21A234-0572-44C9-9DEC-09675724B02B}.Release|Any CPU.Build.0 = Release|Any CPU
	EndGlobalSection
	GlobalSection(SolutionProperties) = preSolution
		HideSolutionNode = FALSE
	EndGlobalSection
	GlobalSection(ExtensibilityGlobals) = postSolution
		SolutionGuid = {F6574004-68C3-43EB-9108-1D746823B489}
	EndGlobalSection
EndGlobal
